
Microsoft Visual Studio Solution File, Format Version 12.00
# Visual Studio 15
VisualStudioVersion = 15.0.26430.12
MinimumVisualStudioVersion = 10.0.40219.1
Project("{FAE04EC0-301F-11D3-BF4B-00C04F79EFBC}") = "BudgetTracker.Android", "BudgetTracker\BudgetTracker.Android\BudgetTracker.Android.csproj", "{DFEFB5BA-729E-4757-843A-A30DF47B3A21}"
EndProject
Project("{FAE04EC0-301F-11D3-BF4B-00C04F79EFBC}") = "BudgetTracker", "BudgetTracker\BudgetTracker\BudgetTracker.csproj", "{0CE429BA-A28F-4CBE-9E4C-0F2E33F3D8A4}"
EndProject
Project("{FAE04EC0-301F-11D3-BF4B-00C04F79EFBC}") = "BudgetTracker.UWP", "BudgetTracker\BudgetTracker.UWP\BudgetTracker.UWP.csproj", "{D9A14BDD-C470-411E-82E5-E940BCFC609D}"
EndProject
Project("{FAE04EC0-301F-11D3-BF4B-00C04F79EFBC}") = "BudgetTracker.iOS", "BudgetTracker\BudgetTracker.iOS\BudgetTracker.iOS.csproj", "{5E290DF3-EF96-4CF4-877B-45E9CA454C95}"
EndProject
Global
	GlobalSection(SolutionConfigurationPlatforms) = preSolution
		Ad-Hoc|Any CPU = Ad-Hoc|Any CPU
		Ad-Hoc|ARM = Ad-Hoc|ARM
		Ad-Hoc|iPhone = Ad-Hoc|iPhone
		Ad-Hoc|iPhoneSimulator = Ad-Hoc|iPhoneSimulator
		Ad-Hoc|x64 = Ad-Hoc|x64
		Ad-Hoc|x86 = Ad-Hoc|x86
		AppStore|Any CPU = AppStore|Any CPU
		AppStore|ARM = AppStore|ARM
		AppStore|iPhone = AppStore|iPhone
		AppStore|iPhoneSimulator = AppStore|iPhoneSimulator
		AppStore|x64 = AppStore|x64
		AppStore|x86 = AppStore|x86
		Debug|Any CPU = Debug|Any CPU
		Debug|ARM = Debug|ARM
		Debug|iPhone = Debug|iPhone
		Debug|iPhoneSimulator = Debug|iPhoneSimulator
		Debug|x64 = Debug|x64
		Debug|x86 = Debug|x86
		Release|Any CPU = Release|Any CPU
		Release|ARM = Release|ARM
		Release|iPhone = Release|iPhone
		Release|iPhoneSimulator = Release|iPhoneSimulator
		Release|x64 = Release|x64
		Release|x86 = Release|x86
	EndGlobalSection
	GlobalSection(ProjectConfigurationPlatforms) = postSolution
		{DFEFB5BA-729E-4757-843A-A30DF47B3A21}.Ad-Hoc|Any CPU.ActiveCfg = Release|Any CPU
		{DFEFB5BA-729E-4757-843A-A30DF47B3A21}.Ad-Hoc|Any CPU.Build.0 = Release|Any CPU
		{DFEFB5BA-729E-4757-843A-A30DF47B3A21}.Ad-Hoc|Any CPU.Deploy.0 = Release|Any CPU
		{DFEFB5BA-729E-4757-843A-A30DF47B3A21}.Ad-Hoc|ARM.ActiveCfg = Release|Any CPU
		{DFEFB5BA-729E-4757-843A-A30DF47B3A21}.Ad-Hoc|ARM.Build.0 = Release|Any CPU
		{DFEFB5BA-729E-4757-843A-A30DF47B3A21}.Ad-Hoc|ARM.Deploy.0 = Release|Any CPU
		{DFEFB5BA-729E-4757-843A-A30DF47B3A21}.Ad-Hoc|iPhone.ActiveCfg = Release|Any CPU
		{DFEFB5BA-729E-4757-843A-A30DF47B3A21}.Ad-Hoc|iPhone.Build.0 = Release|Any CPU
		{DFEFB5BA-729E-4757-843A-A30DF47B3A21}.Ad-Hoc|iPhone.Deploy.0 = Release|Any CPU
		{DFEFB5BA-729E-4757-843A-A30DF47B3A21}.Ad-Hoc|iPhoneSimulator.ActiveCfg = Release|Any CPU
		{DFEFB5BA-729E-4757-843A-A30DF47B3A21}.Ad-Hoc|iPhoneSimulator.Build.0 = Release|Any CPU
		{DFEFB5BA-729E-4757-843A-A30DF47B3A21}.Ad-Hoc|iPhoneSimulator.Deploy.0 = Release|Any CPU
		{DFEFB5BA-729E-4757-843A-A30DF47B3A21}.Ad-Hoc|x64.ActiveCfg = Release|Any CPU
		{DFEFB5BA-729E-4757-843A-A30DF47B3A21}.Ad-Hoc|x64.Build.0 = Release|Any CPU
		{DFEFB5BA-729E-4757-843A-A30DF47B3A21}.Ad-Hoc|x64.Deploy.0 = Release|Any CPU
		{DFEFB5BA-729E-4757-843A-A30DF47B3A21}.Ad-Hoc|x86.ActiveCfg = Release|Any CPU
		{DFEFB5BA-729E-4757-843A-A30DF47B3A21}.Ad-Hoc|x86.Build.0 = Release|Any CPU
		{DFEFB5BA-729E-4757-843A-A30DF47B3A21}.Ad-Hoc|x86.Deploy.0 = Release|Any CPU
		{DFEFB5BA-729E-4757-843A-A30DF47B3A21}.AppStore|Any CPU.ActiveCfg = Release|Any CPU
		{DFEFB5BA-729E-4757-843A-A30DF47B3A21}.AppStore|Any CPU.Build.0 = Release|Any CPU
		{DFEFB5BA-729E-4757-843A-A30DF47B3A21}.AppStore|Any CPU.Deploy.0 = Release|Any CPU
		{DFEFB5BA-729E-4757-843A-A30DF47B3A21}.AppStore|ARM.ActiveCfg = Release|Any CPU
		{DFEFB5BA-729E-4757-843A-A30DF47B3A21}.AppStore|ARM.Build.0 = Release|Any CPU
		{DFEFB5BA-729E-4757-843A-A30DF47B3A21}.AppStore|ARM.Deploy.0 = Release|Any CPU
		{DFEFB5BA-729E-4757-843A-A30DF47B3A21}.AppStore|iPhone.ActiveCfg = Release|Any CPU
		{DFEFB5BA-729E-4757-843A-A30DF47B3A21}.AppStore|iPhone.Build.0 = Release|Any CPU
		{DFEFB5BA-729E-4757-843A-A30DF47B3A21}.AppStore|iPhone.Deploy.0 = Release|Any CPU
		{DFEFB5BA-729E-4757-843A-A30DF47B3A21}.AppStore|iPhoneSimulator.ActiveCfg = Release|Any CPU
		{DFEFB5BA-729E-4757-843A-A30DF47B3A21}.AppStore|iPhoneSimulator.Build.0 = Release|Any CPU
		{DFEFB5BA-729E-4757-843A-A30DF47B3A21}.AppStore|iPhoneSimulator.Deploy.0 = Release|Any CPU
		{DFEFB5BA-729E-4757-843A-A30DF47B3A21}.AppStore|x64.ActiveCfg = Release|Any CPU
		{DFEFB5BA-729E-4757-843A-A30DF47B3A21}.AppStore|x64.Build.0 = Release|Any CPU
		{DFEFB5BA-729E-4757-843A-A30DF47B3A21}.AppStore|x64.Deploy.0 = Release|Any CPU
		{DFEFB5BA-729E-4757-843A-A30DF47B3A21}.AppStore|x86.ActiveCfg = Release|Any CPU
		{DFEFB5BA-729E-4757-843A-A30DF47B3A21}.AppStore|x86.Build.0 = Release|Any CPU
		{DFEFB5BA-729E-4757-843A-A30DF47B3A21}.AppStore|x86.Deploy.0 = Release|Any CPU
		{DFEFB5BA-729E-4757-843A-A30DF47B3A21}.Debug|Any CPU.ActiveCfg = Debug|Any CPU
		{DFEFB5BA-729E-4757-843A-A30DF47B3A21}.Debug|Any CPU.Build.0 = Debug|Any CPU
		{DFEFB5BA-729E-4757-843A-A30DF47B3A21}.Debug|Any CPU.Deploy.0 = Debug|Any CPU
		{DFEFB5BA-729E-4757-843A-A30DF47B3A21}.Debug|ARM.ActiveCfg = Debug|Any CPU
		{DFEFB5BA-729E-4757-843A-A30DF47B3A21}.Debug|ARM.Build.0 = Debug|Any CPU
		{DFEFB5BA-729E-4757-843A-A30DF47B3A21}.Debug|ARM.Deploy.0 = Debug|Any CPU
		{DFEFB5BA-729E-4757-843A-A30DF47B3A21}.Debug|iPhone.ActiveCfg = Debug|Any CPU
		{DFEFB5BA-729E-4757-843A-A30DF47B3A21}.Debug|iPhone.Build.0 = Debug|Any CPU
		{DFEFB5BA-729E-4757-843A-A30DF47B3A21}.Debug|iPhone.Deploy.0 = Debug|Any CPU
		{DFEFB5BA-729E-4757-843A-A30DF47B3A21}.Debug|iPhoneSimulator.ActiveCfg = Debug|Any CPU
		{DFEFB5BA-729E-4757-843A-A30DF47B3A21}.Debug|iPhoneSimulator.Build.0 = Debug|Any CPU
		{DFEFB5BA-729E-4757-843A-A30DF47B3A21}.Debug|iPhoneSimulator.Deploy.0 = Debug|Any CPU
		{DFEFB5BA-729E-4757-843A-A30DF47B3A21}.Debug|x64.ActiveCfg = Debug|Any CPU
		{DFEFB5BA-729E-4757-843A-A30DF47B3A21}.Debug|x64.Build.0 = Debug|Any CPU
		{DFEFB5BA-729E-4757-843A-A30DF47B3A21}.Debug|x64.Deploy.0 = Debug|Any CPU
		{DFEFB5BA-729E-4757-843A-A30DF47B3A21}.Debug|x86.ActiveCfg = Debug|Any CPU
		{DFEFB5BA-729E-4757-843A-A30DF47B3A21}.Debug|x86.Build.0 = Debug|Any CPU
		{DFEFB5BA-729E-4757-843A-A30DF47B3A21}.Debug|x86.Deploy.0 = Debug|Any CPU
		{DFEFB5BA-729E-4757-843A-A30DF47B3A21}.Release|Any CPU.ActiveCfg = Release|Any CPU
		{DFEFB5BA-729E-4757-843A-A30DF47B3A21}.Release|Any CPU.Build.0 = Release|Any CPU
		{DFEFB5BA-729E-4757-843A-A30DF47B3A21}.Release|Any CPU.Deploy.0 = Release|Any CPU
		{DFEFB5BA-729E-4757-843A-A30DF47B3A21}.Release|ARM.ActiveCfg = Release|Any CPU
		{DFEFB5BA-729E-4757-843A-A30DF47B3A21}.Release|ARM.Build.0 = Release|Any CPU
		{DFEFB5BA-729E-4757-843A-A30DF47B3A21}.Release|ARM.Deploy.0 = Release|Any CPU
		{DFEFB5BA-729E-4757-843A-A30DF47B3A21}.Release|iPhone.ActiveCfg = Release|Any CPU
		{DFEFB5BA-729E-4757-843A-A30DF47B3A21}.Release|iPhone.Build.0 = Release|Any CPU
		{DFEFB5BA-729E-4757-843A-A30DF47B3A21}.Release|iPhone.Deploy.0 = Release|Any CPU
		{DFEFB5BA-729E-4757-843A-A30DF47B3A21}.Release|iPhoneSimulator.ActiveCfg = Release|Any CPU
		{DFEFB5BA-729E-4757-843A-A30DF47B3A21}.Release|iPhoneSimulator.Build.0 = Release|Any CPU
		{DFEFB5BA-729E-4757-843A-A30DF47B3A21}.Release|iPhoneSimulator.Deploy.0 = Release|Any CPU
		{DFEFB5BA-729E-4757-843A-A30DF47B3A21}.Release|x64.ActiveCfg = Release|Any CPU
		{DFEFB5BA-729E-4757-843A-A30DF47B3A21}.Release|x64.Build.0 = Release|Any CPU
		{DFEFB5BA-729E-4757-843A-A30DF47B3A21}.Release|x64.Deploy.0 = Release|Any CPU
		{DFEFB5BA-729E-4757-843A-A30DF47B3A21}.Release|x86.ActiveCfg = Release|Any CPU
		{DFEFB5BA-729E-4757-843A-A30DF47B3A21}.Release|x86.Build.0 = Release|Any CPU
		{DFEFB5BA-729E-4757-843A-A30DF47B3A21}.Release|x86.Deploy.0 = Release|Any CPU
		{0CE429BA-A28F-4CBE-9E4C-0F2E33F3D8A4}.Ad-Hoc|Any CPU.ActiveCfg = Release|Any CPU
		{0CE429BA-A28F-4CBE-9E4C-0F2E33F3D8A4}.Ad-Hoc|Any CPU.Build.0 = Release|Any CPU
		{0CE429BA-A28F-4CBE-9E4C-0F2E33F3D8A4}.Ad-Hoc|ARM.ActiveCfg = Release|Any CPU
		{0CE429BA-A28F-4CBE-9E4C-0F2E33F3D8A4}.Ad-Hoc|ARM.Build.0 = Release|Any CPU
		{0CE429BA-A28F-4CBE-9E4C-0F2E33F3D8A4}.Ad-Hoc|iPhone.ActiveCfg = Release|Any CPU
		{0CE429BA-A28F-4CBE-9E4C-0F2E33F3D8A4}.Ad-Hoc|iPhone.Build.0 = Release|Any CPU
		{0CE429BA-A28F-4CBE-9E4C-0F2E33F3D8A4}.Ad-Hoc|iPhoneSimulator.ActiveCfg = Release|Any CPU
		{0CE429BA-A28F-4CBE-9E4C-0F2E33F3D8A4}.Ad-Hoc|iPhoneSimulator.Build.0 = Release|Any CPU
		{0CE429BA-A28F-4CBE-9E4C-0F2E33F3D8A4}.Ad-Hoc|x64.ActiveCfg = Release|Any CPU
		{0CE429BA-A28F-4CBE-9E4C-0F2E33F3D8A4}.Ad-Hoc|x64.Build.0 = Release|Any CPU
		{0CE429BA-A28F-4CBE-9E4C-0F2E33F3D8A4}.Ad-Hoc|x86.ActiveCfg = Release|Any CPU
		{0CE429BA-A28F-4CBE-9E4C-0F2E33F3D8A4}.Ad-Hoc|x86.Build.0 = Release|Any CPU
		{0CE429BA-A28F-4CBE-9E4C-0F2E33F3D8A4}.AppStore|Any CPU.ActiveCfg = Release|Any CPU
		{0CE429BA-A28F-4CBE-9E4C-0F2E33F3D8A4}.AppStore|Any CPU.Build.0 = Release|Any CPU
		{0CE429BA-A28F-4CBE-9E4C-0F2E33F3D8A4}.AppStore|ARM.ActiveCfg = Release|Any CPU
		{0CE429BA-A28F-4CBE-9E4C-0F2E33F3D8A4}.AppStore|ARM.Build.0 = Release|Any CPU
		{0CE429BA-A28F-4CBE-9E4C-0F2E33F3D8A4}.AppStore|iPhone.ActiveCfg = Release|Any CPU
		{0CE429BA-A28F-4CBE-9E4C-0F2E33F3D8A4}.AppStore|iPhone.Build.0 = Release|Any CPU
		{0CE429BA-A28F-4CBE-9E4C-0F2E33F3D8A4}.AppStore|iPhoneSimulator.ActiveCfg = Release|Any CPU
		{0CE429BA-A28F-4CBE-9E4C-0F2E33F3D8A4}.AppStore|iPhoneSimulator.Build.0 = Release|Any CPU
		{0CE429BA-A28F-4CBE-9E4C-0F2E33F3D8A4}.AppStore|x64.ActiveCfg = Release|Any CPU
		{0CE429BA-A28F-4CBE-9E4C-0F2E33F3D8A4}.AppStore|x64.Build.0 = Release|Any CPU
		{0CE429BA-A28F-4CBE-9E4C-0F2E33F3D8A4}.AppStore|x86.ActiveCfg = Release|Any CPU
		{0CE429BA-A28F-4CBE-9E4C-0F2E33F3D8A4}.AppStore|x86.Build.0 = Release|Any CPU
		{0CE429BA-A28F-4CBE-9E4C-0F2E33F3D8A4}.Debug|Any CPU.ActiveCfg = Debug|Any CPU
		{0CE429BA-A28F-4CBE-9E4C-0F2E33F3D8A4}.Debug|Any CPU.Build.0 = Debug|Any CPU
		{0CE429BA-A28F-4CBE-9E4C-0F2E33F3D8A4}.Debug|ARM.ActiveCfg = Debug|Any CPU
		{0CE429BA-A28F-4CBE-9E4C-0F2E33F3D8A4}.Debug|ARM.Build.0 = Debug|Any CPU
		{0CE429BA-A28F-4CBE-9E4C-0F2E33F3D8A4}.Debug|iPhone.ActiveCfg = Debug|Any CPU
		{0CE429BA-A28F-4CBE-9E4C-0F2E33F3D8A4}.Debug|iPhone.Build.0 = Debug|Any CPU
		{0CE429BA-A28F-4CBE-9E4C-0F2E33F3D8A4}.Debug|iPhoneSimulator.ActiveCfg = Debug|Any CPU
		{0CE429BA-A28F-4CBE-9E4C-0F2E33F3D8A4}.Debug|iPhoneSimulator.Build.0 = Debug|Any CPU
		{0CE429BA-A28F-4CBE-9E4C-0F2E33F3D8A4}.Debug|x64.ActiveCfg = Debug|Any CPU
		{0CE429BA-A28F-4CBE-9E4C-0F2E33F3D8A4}.Debug|x64.Build.0 = Debug|Any CPU
		{0CE429BA-A28F-4CBE-9E4C-0F2E33F3D8A4}.Debug|x86.ActiveCfg = Debug|Any CPU
		{0CE429BA-A28F-4CBE-9E4C-0F2E33F3D8A4}.Debug|x86.Build.0 = Debug|Any CPU
		{0CE429BA-A28F-4CBE-9E4C-0F2E33F3D8A4}.Release|Any CPU.ActiveCfg = Release|Any CPU
		{0CE429BA-A28F-4CBE-9E4C-0F2E33F3D8A4}.Release|Any CPU.Build.0 = Release|Any CPU
		{0CE429BA-A28F-4CBE-9E4C-0F2E33F3D8A4}.Release|ARM.ActiveCfg = Release|Any CPU
		{0CE429BA-A28F-4CBE-9E4C-0F2E33F3D8A4}.Release|ARM.Build.0 = Release|Any CPU
		{0CE429BA-A28F-4CBE-9E4C-0F2E33F3D8A4}.Release|iPhone.ActiveCfg = Release|Any CPU
		{0CE429BA-A28F-4CBE-9E4C-0F2E33F3D8A4}.Release|iPhone.Build.0 = Release|Any CPU
		{0CE429BA-A28F-4CBE-9E4C-0F2E33F3D8A4}.Release|iPhoneSimulator.ActiveCfg = Release|Any CPU
		{0CE429BA-A28F-4CBE-9E4C-0F2E33F3D8A4}.Release|iPhoneSimulator.Build.0 = Release|Any CPU
		{0CE429BA-A28F-4CBE-9E4C-0F2E33F3D8A4}.Release|x64.ActiveCfg = Release|Any CPU
		{0CE429BA-A28F-4CBE-9E4C-0F2E33F3D8A4}.Release|x64.Build.0 = Release|Any CPU
		{0CE429BA-A28F-4CBE-9E4C-0F2E33F3D8A4}.Release|x86.ActiveCfg = Release|Any CPU
		{0CE429BA-A28F-4CBE-9E4C-0F2E33F3D8A4}.Release|x86.Build.0 = Release|Any CPU
		{D9A14BDD-C470-411E-82E5-E940BCFC609D}.Ad-Hoc|Any CPU.ActiveCfg = Release|x86
		{D9A14BDD-C470-411E-82E5-E940BCFC609D}.Ad-Hoc|Any CPU.Build.0 = Release|x86
		{D9A14BDD-C470-411E-82E5-E940BCFC609D}.Ad-Hoc|Any CPU.Deploy.0 = Release|x86
		{D9A14BDD-C470-411E-82E5-E940BCFC609D}.Ad-Hoc|ARM.ActiveCfg = Release|ARM
		{D9A14BDD-C470-411E-82E5-E940BCFC609D}.Ad-Hoc|ARM.Build.0 = Release|ARM
		{D9A14BDD-C470-411E-82E5-E940BCFC609D}.Ad-Hoc|ARM.Deploy.0 = Release|ARM
		{D9A14BDD-C470-411E-82E5-E940BCFC609D}.Ad-Hoc|iPhone.ActiveCfg = Release|x86
		{D9A14BDD-C470-411E-82E5-E940BCFC609D}.Ad-Hoc|iPhone.Build.0 = Release|x86
		{D9A14BDD-C470-411E-82E5-E940BCFC609D}.Ad-Hoc|iPhone.Deploy.0 = Release|x86
		{D9A14BDD-C470-411E-82E5-E940BCFC609D}.Ad-Hoc|iPhoneSimulator.ActiveCfg = Release|x86
		{D9A14BDD-C470-411E-82E5-E940BCFC609D}.Ad-Hoc|iPhoneSimulator.Build.0 = Release|x86
		{D9A14BDD-C470-411E-82E5-E940BCFC609D}.Ad-Hoc|iPhoneSimulator.Deploy.0 = Release|x86
		{D9A14BDD-C470-411E-82E5-E940BCFC609D}.Ad-Hoc|x64.ActiveCfg = Release|x64
		{D9A14BDD-C470-411E-82E5-E940BCFC609D}.Ad-Hoc|x64.Build.0 = Release|x64
		{D9A14BDD-C470-411E-82E5-E940BCFC609D}.Ad-Hoc|x64.Deploy.0 = Release|x64
		{D9A14BDD-C470-411E-82E5-E940BCFC609D}.Ad-Hoc|x86.ActiveCfg = Release|x86
		{D9A14BDD-C470-411E-82E5-E940BCFC609D}.Ad-Hoc|x86.Build.0 = Release|x86
		{D9A14BDD-C470-411E-82E5-E940BCFC609D}.Ad-Hoc|x86.Deploy.0 = Release|x86
		{D9A14BDD-C470-411E-82E5-E940BCFC609D}.AppStore|Any CPU.ActiveCfg = Release|x86
		{D9A14BDD-C470-411E-82E5-E940BCFC609D}.AppStore|Any CPU.Build.0 = Release|x86
		{D9A14BDD-C470-411E-82E5-E940BCFC609D}.AppStore|Any CPU.Deploy.0 = Release|x86
		{D9A14BDD-C470-411E-82E5-E940BCFC609D}.AppStore|ARM.ActiveCfg = Release|ARM
		{D9A14BDD-C470-411E-82E5-E940BCFC609D}.AppStore|ARM.Build.0 = Release|ARM
		{D9A14BDD-C470-411E-82E5-E940BCFC609D}.AppStore|ARM.Deploy.0 = Release|ARM
		{D9A14BDD-C470-411E-82E5-E940BCFC609D}.AppStore|iPhone.ActiveCfg = Release|x86
		{D9A14BDD-C470-411E-82E5-E940BCFC609D}.AppStore|iPhone.Build.0 = Release|x86
		{D9A14BDD-C470-411E-82E5-E940BCFC609D}.AppStore|iPhone.Deploy.0 = Release|x86
		{D9A14BDD-C470-411E-82E5-E940BCFC609D}.AppStore|iPhoneSimulator.ActiveCfg = Release|x86
		{D9A14BDD-C470-411E-82E5-E940BCFC609D}.AppStore|iPhoneSimulator.Build.0 = Release|x86
		{D9A14BDD-C470-411E-82E5-E940BCFC609D}.AppStore|iPhoneSimulator.Deploy.0 = Release|x86
		{D9A14BDD-C470-411E-82E5-E940BCFC609D}.AppStore|x64.ActiveCfg = Release|x64
		{D9A14BDD-C470-411E-82E5-E940BCFC609D}.AppStore|x64.Build.0 = Release|x64
		{D9A14BDD-C470-411E-82E5-E940BCFC609D}.AppStore|x64.Deploy.0 = Release|x64
		{D9A14BDD-C470-411E-82E5-E940BCFC609D}.AppStore|x86.ActiveCfg = Release|x86
		{D9A14BDD-C470-411E-82E5-E940BCFC609D}.AppStore|x86.Build.0 = Release|x86
		{D9A14BDD-C470-411E-82E5-E940BCFC609D}.AppStore|x86.Deploy.0 = Release|x86
		{D9A14BDD-C470-411E-82E5-E940BCFC609D}.Debug|Any CPU.ActiveCfg = Debug|x86
		{D9A14BDD-C470-411E-82E5-E940BCFC609D}.Debug|ARM.ActiveCfg = Debug|ARM
		{D9A14BDD-C470-411E-82E5-E940BCFC609D}.Debug|ARM.Build.0 = Debug|ARM
		{D9A14BDD-C470-411E-82E5-E940BCFC609D}.Debug|ARM.Deploy.0 = Debug|ARM
		{D9A14BDD-C470-411E-82E5-E940BCFC609D}.Debug|iPhone.ActiveCfg = Debug|x86
		{D9A14BDD-C470-411E-82E5-E940BCFC609D}.Debug|iPhoneSimulator.ActiveCfg = Debug|x86
		{D9A14BDD-C470-411E-82E5-E940BCFC609D}.Debug|x64.ActiveCfg = Debug|x64
		{D9A14BDD-C470-411E-82E5-E940BCFC609D}.Debug|x64.Build.0 = Debug|x64
		{D9A14BDD-C470-411E-82E5-E940BCFC609D}.Debug|x64.Deploy.0 = Debug|x64
		{D9A14BDD-C470-411E-82E5-E940BCFC609D}.Debug|x86.ActiveCfg = Debug|x86
		{D9A14BDD-C470-411E-82E5-E940BCFC609D}.Debug|x86.Build.0 = Debug|x86
		{D9A14BDD-C470-411E-82E5-E940BCFC609D}.Debug|x86.Deploy.0 = Debug|x86
		{D9A14BDD-C470-411E-82E5-E940BCFC609D}.Release|Any CPU.ActiveCfg = Release|x86
		{D9A14BDD-C470-411E-82E5-E940BCFC609D}.Release|ARM.ActiveCfg = Release|ARM
		{D9A14BDD-C470-411E-82E5-E940BCFC609D}.Release|ARM.Build.0 = Release|ARM
		{D9A14BDD-C470-411E-82E5-E940BCFC609D}.Release|ARM.Deploy.0 = Release|ARM
		{D9A14BDD-C470-411E-82E5-E940BCFC609D}.Release|iPhone.ActiveCfg = Release|x86
		{D9A14BDD-C470-411E-82E5-E940BCFC609D}.Release|iPhoneSimulator.ActiveCfg = Release|x86
		{D9A14BDD-C470-411E-82E5-E940BCFC609D}.Release|x64.ActiveCfg = Release|x64
		{D9A14BDD-C470-411E-82E5-E940BCFC609D}.Release|x64.Build.0 = Release|x64
		{D9A14BDD-C470-411E-82E5-E940BCFC609D}.Release|x64.Deploy.0 = Release|x64
		{D9A14BDD-C470-411E-82E5-E940BCFC609D}.Release|x86.ActiveCfg = Release|x86
		{D9A14BDD-C470-411E-82E5-E940BCFC609D}.Release|x86.Build.0 = Release|x86
		{D9A14BDD-C470-411E-82E5-E940BCFC609D}.Release|x86.Deploy.0 = Release|x86
		{5E290DF3-EF96-4CF4-877B-45E9CA454C95}.Ad-Hoc|Any CPU.ActiveCfg = Ad-Hoc|iPhone
		{5E290DF3-EF96-4CF4-877B-45E9CA454C95}.Ad-Hoc|ARM.ActiveCfg = Ad-Hoc|iPhone
		{5E290DF3-EF96-4CF4-877B-45E9CA454C95}.Ad-Hoc|iPhone.ActiveCfg = Ad-Hoc|iPhone
		{5E290DF3-EF96-4CF4-877B-45E9CA454C95}.Ad-Hoc|iPhone.Build.0 = Ad-Hoc|iPhone
		{5E290DF3-EF96-4CF4-877B-45E9CA454C95}.Ad-Hoc|iPhoneSimulator.ActiveCfg = Ad-Hoc|iPhoneSimulator
		{5E290DF3-EF96-4CF4-877B-45E9CA454C95}.Ad-Hoc|iPhoneSimulator.Build.0 = Ad-Hoc|iPhoneSimulator
		{5E290DF3-EF96-4CF4-877B-45E9CA454C95}.Ad-Hoc|x64.ActiveCfg = Ad-Hoc|iPhone
		{5E290DF3-EF96-4CF4-877B-45E9CA454C95}.Ad-Hoc|x86.ActiveCfg = Ad-Hoc|iPhone
		{5E290DF3-EF96-4CF4-877B-45E9CA454C95}.AppStore|Any CPU.ActiveCfg = AppStore|iPhone
		{5E290DF3-EF96-4CF4-877B-45E9CA454C95}.AppStore|ARM.ActiveCfg = AppStore|iPhone
		{5E290DF3-EF96-4CF4-877B-45E9CA454C95}.AppStore|iPhone.ActiveCfg = AppStore|iPhone
		{5E290DF3-EF96-4CF4-877B-45E9CA454C95}.AppStore|iPhone.Build.0 = AppStore|iPhone
		{5E290DF3-EF96-4CF4-877B-45E9CA454C95}.AppStore|iPhoneSimulator.ActiveCfg = AppStore|iPhoneSimulator
		{5E290DF3-EF96-4CF4-877B-45E9CA454C95}.AppStore|iPhoneSimulator.Build.0 = AppStore|iPhoneSimulator
		{5E290DF3-EF96-4CF4-877B-45E9CA454C95}.AppStore|x64.ActiveCfg = AppStore|iPhone
		{5E290DF3-EF96-4CF4-877B-45E9CA454C95}.AppStore|x86.ActiveCfg = AppStore|iPhone
		{5E290DF3-EF96-4CF4-877B-45E9CA454C95}.Debug|Any CPU.ActiveCfg = Debug|iPhone
		{5E290DF3-EF96-4CF4-877B-45E9CA454C95}.Debug|ARM.ActiveCfg = Debug|iPhone
		{5E290DF3-EF96-4CF4-877B-45E9CA454C95}.Debug|iPhone.ActiveCfg = Debug|iPhone
		{5E290DF3-EF96-4CF4-877B-45E9CA454C95}.Debug|iPhone.Build.0 = Debug|iPhone
		{5E290DF3-EF96-4CF4-877B-45E9CA454C95}.Debug|iPhoneSimulator.ActiveCfg = Debug|iPhoneSimulator
		{5E290DF3-EF96-4CF4-877B-45E9CA454C95}.Debug|iPhoneSimulator.Build.0 = Debug|iPhoneSimulator
		{5E290DF3-EF96-4CF4-877B-45E9CA454C95}.Debug|x64.ActiveCfg = Debug|iPhone
		{5E290DF3-EF96-4CF4-877B-45E9CA454C95}.Debug|x86.ActiveCfg = Debug|iPhone
		{5E290DF3-EF96-4CF4-877B-45E9CA454C95}.Release|Any CPU.ActiveCfg = Release|iPhone
		{5E290DF3-EF96-4CF4-877B-45E9CA454C95}.Release|ARM.ActiveCfg = Release|iPhone
		{5E290DF3-EF96-4CF4-877B-45E9CA454C95}.Release|iPhone.ActiveCfg = Release|iPhone
		{5E290DF3-EF96-4CF4-877B-45E9CA454C95}.Release|iPhone.Build.0 = Release|iPhone
		{5E290DF3-EF96-4CF4-877B-45E9CA454C95}.Release|iPhoneSimulator.ActiveCfg = Release|iPhoneSimulator
		{5E290DF3-EF96-4CF4-877B-45E9CA454C95}.Release|iPhoneSimulator.Build.0 = Release|iPhoneSimulator
		{5E290DF3-EF96-4CF4-877B-45E9CA454C95}.Release|x64.ActiveCfg = Release|iPhone
		{5E290DF3-EF96-4CF4-877B-45E9CA454C95}.Release|x86.ActiveCfg = Release|iPhone
	EndGlobalSection
	GlobalSection(SolutionProperties) = preSolution
		HideSolutionNode = FALSE
	EndGlobalSection
EndGlobal
